
Microsoft Visual Studio Solution File, Format Version 12.00
# Visual Studio Version 17
VisualStudioVersion = 17.9.34723.18
MinimumVisualStudioVersion = 10.0.40219.1
Project("{FAE04EC0-301F-11D3-BF4B-00C04F79EFBC}") = "ScuffedClicker", "ScuffedClicker\ScuffedClicker.csproj", "{1703F2F9-0734-4997-914C-79B0AEE9B262}"
EndProject
Global
	GlobalSection(SolutionConfigurationPlatforms) = preSolution
		Debug|Any CPU = Debug|Any CPU
		Release|Any CPU = Release|Any CPU
	EndGlobalSection
	GlobalSection(ProjectConfigurationPlatforms) = postSolution
		{1703F2F9-0734-4997-914C-79B0AEE9B262}.Debug|Any CPU.ActiveCfg = Debug|Any CPU
		{1703F2F9-0734-4997-914C-79B0AEE9B262}.Debug|Any CPU.Build.0 = Debug|Any CPU
		{1703F2F9-0734-4997-914C-79B0AEE9B262}.Release|Any CPU.ActiveCfg = Release|Any CPU
		{1703F2F9-0734-4997-914C-79B0AEE9B262}.Release|Any CPU.Build.0 = Release|Any CPU
	EndGlobalSection
	GlobalSection(SolutionProperties) = preSolution
		HideSolutionNode = FALSE
	EndGlobalSection
	GlobalSection(ExtensibilityGlobals) = postSolution
		SolutionGuid = {78FA64F2-4B1C-4D34-941C-3CFBC77CFC68}
	EndGlobalSection
EndGlobal
